// !$*UTF8*$!
{
	archiveVersion = 1;
	classes = {
	};
	objectVersion = 56;
	objects = {

/* Begin PBXBuildFile section */
		C21D77972B708E8300E88B2B /* barChartsApp.swift in Sources */ = {isa = PBXBuildFile; fileRef = C21D77962B708E8300E88B2B /* barChartsApp.swift */; };
		C21D77992B708E8300E88B2B /* ContentView.swift in Sources */ = {isa = PBXBuildFile; fileRef = C21D77982B708E8300E88B2B /* ContentView.swift */; };
		C21D779B2B708E8C00E88B2B /* Assets.xcassets in Resources */ = {isa = PBXBuildFile; fileRef = C21D779A2B708E8C00E88B2B /* Assets.xcassets */; };
		C21D779E2B708E8C00E88B2B /* Preview Assets.xcassets in Resources */ = {isa = PBXBuildFile; fileRef = C21D779D2B708E8C00E88B2B /* Preview Assets.xcassets */; };
		C21D77A92B708E8D00E88B2B /* barChartsTests.swift in Sources */ = {isa = PBXBuildFile; fileRef = C21D77A82B708E8D00E88B2B /* barChartsTests.swift */; };
		C21D77B32B708E8D00E88B2B /* barChartsUITests.swift in Sources */ = {isa = PBXBuildFile; fileRef = C21D77B22B708E8D00E88B2B /* barChartsUITests.swift */; };
		C21D77B52B708E8E00E88B2B /* barChartsUITestsLaunchTests.swift in Sources */ = {isa = PBXBuildFile; fileRef = C21D77B42B708E8E00E88B2B /* barChartsUITestsLaunchTests.swift */; };
/* End PBXBuildFile section */

/* Begin PBXContainerItemProxy section */
		C21D77A52B708E8D00E88B2B /* PBXContainerItemProxy */ = {
			isa = PBXContainerItemProxy;
			containerPortal = C21D778B2B708E8300E88B2B /* Project object */;
			proxyType = 1;
			remoteGlobalIDString = C21D77922B708E8300E88B2B;
			remoteInfo = barCharts;
		};
		C21D77AF2B708E8D00E88B2B /* PBXContainerItemProxy */ = {
			isa = PBXContainerItemProxy;
			containerPortal = C21D778B2B708E8300E88B2B /* Project object */;
			proxyType = 1;
			remoteGlobalIDString = C21D77922B708E8300E88B2B;
			remoteInfo = barCharts;
		};
/* End PBXContainerItemProxy section */

/* Begin PBXFileReference section */
		C21D77932B708E8300E88B2B /* barCharts.app */ = {isa = PBXFileReference; explicitFileType = wrapper.application; includeInIndex = 0; path = barCharts.app; sourceTree = BUILT_PRODUCTS_DIR; };
		C21D77962B708E8300E88B2B /* barChartsApp.swift */ = {isa = PBXFileReference; lastKnownFileType = sourcecode.swift; path = barChartsApp.swift; sourceTree = "<group>"; };
		C21D77982B708E8300E88B2B /* ContentView.swift */ = {isa = PBXFileReference; lastKnownFileType = sourcecode.swift; path = ContentView.swift; sourceTree = "<group>"; };
		C21D779A2B708E8C00E88B2B /* Assets.xcassets */ = {isa = PBXFileReference; lastKnownFileType = folder.assetcatalog; path = Assets.xcassets; sourceTree = "<group>"; };
		C21D779D2B708E8C00E88B2B /* Preview Assets.xcassets */ = {isa = PBXFileReference; lastKnownFileType = folder.assetcatalog; path = "Preview Assets.xcassets"; sourceTree = "<group>"; };
		C21D779F2B708E8C00E88B2B /* barCharts.entitlements */ = {isa = PBXFileReference; lastKnownFileType = text.plist.entitlements; path = barCharts.entitlements; sourceTree = "<group>"; };
		C21D77A42B708E8D00E88B2B /* barChartsTests.xctest */ = {isa = PBXFileReference; explicitFileType = wrapper.cfbundle; includeInIndex = 0; path = barChartsTests.xctest; sourceTree = BUILT_PRODUCTS_DIR; };
		C21D77A82B708E8D00E88B2B /* barChartsTests.swift */ = {isa = PBXFileReference; lastKnownFileType = sourcecode.swift; path = barChartsTests.swift; sourceTree = "<group>"; };
		C21D77AE2B708E8D00E88B2B /* barChartsUITests.xctest */ = {isa = PBXFileReference; explicitFileType = wrapper.cfbundle; includeInIndex = 0; path = barChartsUITests.xctest; sourceTree = BUILT_PRODUCTS_DIR; };
		C21D77B22B708E8D00E88B2B /* barChartsUITests.swift */ = {isa = PBXFileReference; lastKnownFileType = sourcecode.swift; path = barChartsUITests.swift; sourceTree = "<group>"; };
		C21D77B42B708E8E00E88B2B /* barChartsUITestsLaunchTests.swift */ = {isa = PBXFileReference; lastKnownFileType = sourcecode.swift; path = barChartsUITestsLaunchTests.swift; sourceTree = "<group>"; };
/* End PBXFileReference section */

/* Begin PBXFrameworksBuildPhase section */
		C21D77902B708E8300E88B2B /* Frameworks */ = {
			isa = PBXFrameworksBuildPhase;
			buildActionMask = 2147483647;
			files = (
			);
			runOnlyForDeploymentPostprocessing = 0;
		};
		C21D77A12B708E8D00E88B2B /* Frameworks */ = {
			isa = PBXFrameworksBuildPhase;
			buildActionMask = 2147483647;
			files = (
			);
			runOnlyForDeploymentPostprocessing = 0;
		};
		C21D77AB2B708E8D00E88B2B /* Frameworks */ = {
			isa = PBXFrameworksBuildPhase;
			buildActionMask = 2147483647;
			files = (
			);
			runOnlyForDeploymentPostprocessing = 0;
		};
/* End PBXFrameworksBuildPhase section */

/* Begin PBXGroup section */
		C21D778A2B708E8300E88B2B = {
			isa = PBXGroup;
			children = (
				C21D77952B708E8300E88B2B /* barCharts */,
				C21D77A72B708E8D00E88B2B /* barChartsTests */,
				C21D77B12B708E8D00E88B2B /* barChartsUITests */,
				C21D77942B708E8300E88B2B /* Products */,
			);
			sourceTree = "<group>";
		};
		C21D77942B708E8300E88B2B /* Products */ = {
			isa = PBXGroup;
			children = (
				C21D77932B708E8300E88B2B /* barCharts.app */,
				C21D77A42B708E8D00E88B2B /* barChartsTests.xctest */,
				C21D77AE2B708E8D00E88B2B /* barChartsUITests.xctest */,
			);
			name = Products;
			sourceTree = "<group>";
		};
		C21D77952B708E8300E88B2B /* barCharts */ = {
			isa = PBXGroup;
			children = (
				C21D77962B708E8300E88B2B /* barChartsApp.swift */,
				C21D77982B708E8300E88B2B /* ContentView.swift */,
				C21D779A2B708E8C00E88B2B /* Assets.xcassets */,
				C21D779F2B708E8C00E88B2B /* barCharts.entitlements */,
				C21D779C2B708E8C00E88B2B /* Preview Content */,
			);
			path = barCharts;
			sourceTree = "<group>";
		};
		C21D779C2B708E8C00E88B2B /* Preview Content */ = {
			isa = PBXGroup;
			children = (
				C21D779D2B708E8C00E88B2B /* Preview Assets.xcassets */,
			);
			path = "Preview Content";
			sourceTree = "<group>";
		};
		C21D77A72B708E8D00E88B2B /* barChartsTests */ = {
			isa = PBXGroup;
			children = (
				C21D77A82B708E8D00E88B2B /* barChartsTests.swift */,
			);
			path = barChartsTests;
			sourceTree = "<group>";
		};
		C21D77B12B708E8D00E88B2B /* barChartsUITests */ = {
			isa = PBXGroup;
			children = (
				C21D77B22B708E8D00E88B2B /* barChartsUITests.swift */,
				C21D77B42B708E8E00E88B2B /* barChartsUITestsLaunchTests.swift */,
			);
			path = barChartsUITests;
			sourceTree = "<group>";
		};
/* End PBXGroup section */

/* Begin PBXNativeTarget section */
		C21D77922B708E8300E88B2B /* barCharts */ = {
			isa = PBXNativeTarget;
			buildConfigurationList = C21D77B82B708E8E00E88B2B /* Build configuration list for PBXNativeTarget "barCharts" */;
			buildPhases = (
				C21D778F2B708E8300E88B2B /* Sources */,
				C21D77902B708E8300E88B2B /* Frameworks */,
				C21D77912B708E8300E88B2B /* Resources */,
			);
			buildRules = (
			);
			dependencies = (
			);
			name = barCharts;
			productName = barCharts;
			productReference = C21D77932B708E8300E88B2B /* barCharts.app */;
			productType = "com.apple.product-type.application";
		};
		C21D77A32B708E8D00E88B2B /* barChartsTests */ = {
			isa = PBXNativeTarget;
			buildConfigurationList = C21D77BB2B708E8E00E88B2B /* Build configuration list for PBXNativeTarget "barChartsTests" */;
			buildPhases = (
				C21D77A02B708E8D00E88B2B /* Sources */,
				C21D77A12B708E8D00E88B2B /* Frameworks */,
				C21D77A22B708E8D00E88B2B /* Resources */,
			);
			buildRules = (
			);
			dependencies = (
				C21D77A62B708E8D00E88B2B /* PBXTargetDependency */,
			);
			name = barChartsTests;
			productName = barChartsTests;
			productReference = C21D77A42B708E8D00E88B2B /* barChartsTests.xctest */;
			productType = "com.apple.product-type.bundle.unit-test";
		};
		C21D77AD2B708E8D00E88B2B /* barChartsUITests */ = {
			isa = PBXNativeTarget;
			buildConfigurationList = C21D77BE2B708E8E00E88B2B /* Build configuration list for PBXNativeTarget "barChartsUITests" */;
			buildPhases = (
				C21D77AA2B708E8D00E88B2B /* Sources */,
				C21D77AB2B708E8D00E88B2B /* Frameworks */,
				C21D77AC2B708E8D00E88B2B /* Resources */,
			);
			buildRules = (
			);
			dependencies = (
				C21D77B02B708E8D00E88B2B /* PBXTargetDependency */,
			);
			name = barChartsUITests;
			productName = barChartsUITests;
			productReference = C21D77AE2B708E8D00E88B2B /* barChartsUITests.xctest */;
			productType = "com.apple.product-type.bundle.ui-testing";
		};
/* End PBXNativeTarget section */

/* Begin PBXProject section */
		C21D778B2B708E8300E88B2B /* Project object */ = {
			isa = PBXProject;
			attributes = {
				BuildIndependentTargetsInParallel = 1;
				LastSwiftUpdateCheck = 1520;
				LastUpgradeCheck = 1520;
				TargetAttributes = {
					C21D77922B708E8300E88B2B = {
						CreatedOnToolsVersion = 15.2;
					};
					C21D77A32B708E8D00E88B2B = {
						CreatedOnToolsVersion = 15.2;
						TestTargetID = C21D77922B708E8300E88B2B;
					};
					C21D77AD2B708E8D00E88B2B = {
						CreatedOnToolsVersion = 15.2;
						TestTargetID = C21D77922B708E8300E88B2B;
					};
				};
			};
			buildConfigurationList = C21D778E2B708E8300E88B2B /* Build configuration list for PBXProject "barCharts" */;
			compatibilityVersion = "Xcode 14.0";
			developmentRegion = en;
			hasScannedForEncodings = 0;
			knownRegions = (
				en,
				Base,
			);
			mainGroup = C21D778A2B708E8300E88B2B;
			productRefGroup = C21D77942B708E8300E88B2B /* Products */;
			projectDirPath = "";
			projectRoot = "";
			targets = (
				C21D77922B708E8300E88B2B /* barCharts */,
				C21D77A32B708E8D00E88B2B /* barChartsTests */,
				C21D77AD2B708E8D00E88B2B /* barChartsUITests */,
			);
		};
/* End PBXProject section */

/* Begin PBXResourcesBuildPhase section */
		C21D77912B708E8300E88B2B /* Resources */ = {
			isa = PBXResourcesBuildPhase;
			buildActionMask = 2147483647;
			files = (
				C21D779E2B708E8C00E88B2B /* Preview Assets.xcassets in Resources */,
				C21D779B2B708E8C00E88B2B /* Assets.xcassets in Resources */,
			);
			runOnlyForDeploymentPostprocessing = 0;
		};
		C21D77A22B708E8D00E88B2B /* Resources */ = {
			isa = PBXResourcesBuildPhase;
			buildActionMask = 2147483647;
			files = (
			);
			runOnlyForDeploymentPostprocessing = 0;
		};
		C21D77AC2B708E8D00E88B2B /* Resources */ = {
			isa = PBXResourcesBuildPhase;
			buildActionMask = 2147483647;
			files = (
			);
			runOnlyForDeploymentPostprocessing = 0;
		};
/* End PBXResourcesBuildPhase section */

/* Begin PBXSourcesBuildPhase section */
		C21D778F2B708E8300E88B2B /* Sources */ = {
			isa = PBXSourcesBuildPhase;
			buildActionMask = 2147483647;
			files = (
				C21D77992B708E8300E88B2B /* ContentView.swift in Sources */,
				C21D77972B708E8300E88B2B /* barChartsApp.swift in Sources */,
			);
			runOnlyForDeploymentPostprocessing = 0;
		};
		C21D77A02B708E8D00E88B2B /* Sources */ = {
			isa = PBXSourcesBuildPhase;
			buildActionMask = 2147483647;
			files = (
				C21D77A92B708E8D00E88B2B /* barChartsTests.swift in Sources */,
			);
			runOnlyForDeploymentPostprocessing = 0;
		};
		C21D77AA2B708E8D00E88B2B /* Sources */ = {
			isa = PBXSourcesBuildPhase;
			buildActionMask = 2147483647;
			files = (
				C21D77B32B708E8D00E88B2B /* barChartsUITests.swift in Sources */,
				C21D77B52B708E8E00E88B2B /* barChartsUITestsLaunchTests.swift in Sources */,
			);
			runOnlyForDeploymentPostprocessing = 0;
		};
/* End PBXSourcesBuildPhase section */

/* Begin PBXTargetDependency section */
		C21D77A62B708E8D00E88B2B /* PBXTargetDependency */ = {
			isa = PBXTargetDependency;
			target = C21D77922B708E8300E88B2B /* barCharts */;
			targetProxy = C21D77A52B708E8D00E88B2B /* PBXContainerItemProxy */;
		};
		C21D77B02B708E8D00E88B2B /* PBXTargetDependency */ = {
			isa = PBXTargetDependency;
			target = C21D77922B708E8300E88B2B /* barCharts */;
			targetProxy = C21D77AF2B708E8D00E88B2B /* PBXContainerItemProxy */;
		};
/* End PBXTargetDependency section */

/* Begin XCBuildConfiguration section */
		C21D77B62B708E8E00E88B2B /* Debug */ = {
			isa = XCBuildConfiguration;
			buildSettings = {
				ALWAYS_SEARCH_USER_PATHS = NO;
				ASSETCATALOG_COMPILER_GENERATE_SWIFT_ASSET_SYMBOL_EXTENSIONS = YES;
				CLANG_ANALYZER_NONNULL = YES;
				CLANG_ANALYZER_NUMBER_OBJECT_CONVERSION = YES_AGGRESSIVE;
				CLANG_CXX_LANGUAGE_STANDARD = "gnu++20";
				CLANG_ENABLE_MODULES = YES;
				CLANG_ENABLE_OBJC_ARC = YES;
				CLANG_ENABLE_OBJC_WEAK = YES;
				CLANG_WARN_BLOCK_CAPTURE_AUTORELEASING = YES;
				CLANG_WARN_BOOL_CONVERSION = YES;
				CLANG_WARN_COMMA = YES;
				CLANG_WARN_CONSTANT_CONVERSION = YES;
				CLANG_WARN_DEPRECATED_OBJC_IMPLEMENTATIONS = YES;
				CLANG_WARN_DIRECT_OBJC_ISA_USAGE = YES_ERROR;
				CLANG_WARN_DOCUMENTATION_COMMENTS = YES;
				CLANG_WARN_EMPTY_BODY = YES;
				CLANG_WARN_ENUM_CONVERSION = YES;
				CLANG_WARN_INFINITE_RECURSION = YES;
				CLANG_WARN_INT_CONVERSION = YES;
				CLANG_WARN_NON_LITERAL_NULL_CONVERSION = YES;
				CLANG_WARN_OBJC_IMPLICIT_RETAIN_SELF = YES;
				CLANG_WARN_OBJC_LITERAL_CONVERSION = YES;
				CLANG_WARN_OBJC_ROOT_CLASS = YES_ERROR;
				CLANG_WARN_QUOTED_INCLUDE_IN_FRAMEWORK_HEADER = YES;
				CLANG_WARN_RANGE_LOOP_ANALYSIS = YES;
				CLANG_WARN_STRICT_PROTOTYPES = YES;
				CLANG_WARN_SUSPICIOUS_MOVE = YES;
				CLANG_WARN_UNGUARDED_AVAILABILITY = YES_AGGRESSIVE;
				CLANG_WARN_UNREACHABLE_CODE = YES;
				CLANG_WARN__DUPLICATE_METHOD_MATCH = YES;
				COPY_PHASE_STRIP = NO;
				DEBUG_INFORMATION_FORMAT = dwarf;
				ENABLE_STRICT_OBJC_MSGSEND = YES;
				ENABLE_TESTABILITY = YES;
				ENABLE_USER_SCRIPT_SANDBOXING = YES;
				GCC_C_LANGUAGE_STANDARD = gnu17;
				GCC_DYNAMIC_NO_PIC = NO;
				GCC_NO_COMMON_BLOCKS = YES;
				GCC_OPTIMIZATION_LEVEL = 0;
				GCC_PREPROCESSOR_DEFINITIONS = (
					"DEBUG=1",
					"$(inherited)",
				);
				GCC_WARN_64_TO_32_BIT_CONVERSION = YES;
				GCC_WARN_ABOUT_RETURN_TYPE = YES_ERROR;
				GCC_WARN_UNDECLARED_SELECTOR = YES;
				GCC_WARN_UNINITIALIZED_AUTOS = YES_AGGRESSIVE;
				GCC_WARN_UNUSED_FUNCTION = YES;
				GCC_WARN_UNUSED_VARIABLE = YES;
				LOCALIZATION_PREFERS_STRING_CATALOGS = YES;
				MACOSX_DEPLOYMENT_TARGET = 14.0;
				MTL_ENABLE_DEBUG_INFO = INCLUDE_SOURCE;
				MTL_FAST_MATH = YES;
				ONLY_ACTIVE_ARCH = YES;
				SDKROOT = macosx;
				SWIFT_ACTIVE_COMPILATION_CONDITIONS = "DEBUG $(inherited)";
				SWIFT_OPTIMIZATION_LEVEL = "-Onone";
			};
			name = Debug;
		};
		C21D77B72B708E8E00E88B2B /* Release */ = {
			isa = XCBuildConfiguration;
			buildSettings = {
				ALWAYS_SEARCH_USER_PATHS = NO;
				ASSETCATALOG_COMPILER_GENERATE_SWIFT_ASSET_SYMBOL_EXTENSIONS = YES;
				CLANG_ANALYZER_NONNULL = YES;
				CLANG_ANALYZER_NUMBER_OBJECT_CONVERSION = YES_AGGRESSIVE;
				CLANG_CXX_LANGUAGE_STANDARD = "gnu++20";
				CLANG_ENABLE_MODULES = YES;
				CLANG_ENABLE_OBJC_ARC = YES;
				CLANG_ENABLE_OBJC_WEAK = YES;
				CLANG_WARN_BLOCK_CAPTURE_AUTORELEASING = YES;
				CLANG_WARN_BOOL_CONVERSION = YES;
				CLANG_WARN_COMMA = YES;
				CLANG_WARN_CONSTANT_CONVERSION = YES;
				CLANG_WARN_DEPRECATED_OBJC_IMPLEMENTATIONS = YES;
				CLANG_WARN_DIRECT_OBJC_ISA_USAGE = YES_ERROR;
				CLANG_WARN_DOCUMENTATION_COMMENTS = YES;
				CLANG_WARN_EMPTY_BODY = YES;
				CLANG_WARN_ENUM_CONVERSION = YES;
				CLANG_WARN_INFINITE_RECURSION = YES;
				CLANG_WARN_INT_CONVERSION = YES;
				CLANG_WARN_NON_LITERAL_NULL_CONVERSION = YES;
				CLANG_WARN_OBJC_IMPLICIT_RETAIN_SELF = YES;
				CLANG_WARN_OBJC_LITERAL_CONVERSION = YES;
				CLANG_WARN_OBJC_ROOT_CLASS = YES_ERROR;
				CLANG_WARN_QUOTED_INCLUDE_IN_FRAMEWORK_HEADER = YES;
				CLANG_WARN_RANGE_LOOP_ANALYSIS = YES;
				CLANG_WARN_STRICT_PROTOTYPES = YES;
				CLANG_WARN_SUSPICIOUS_MOVE = YES;
				CLANG_WARN_UNGUARDED_AVAILABILITY = YES_AGGRESSIVE;
				CLANG_WARN_UNREACHABLE_CODE = YES;
				CLANG_WARN__DUPLICATE_METHOD_MATCH = YES;
				COPY_PHASE_STRIP = NO;
				DEBUG_INFORMATION_FORMAT = "dwarf-with-dsym";
				ENABLE_NS_ASSERTIONS = NO;
				ENABLE_STRICT_OBJC_MSGSEND = YES;
				ENABLE_USER_SCRIPT_SANDBOXING = YES;
				GCC_C_LANGUAGE_STANDARD = gnu17;
				GCC_NO_COMMON_BLOCKS = YES;
				GCC_WARN_64_TO_32_BIT_CONVERSION = YES;
				GCC_WARN_ABOUT_RETURN_TYPE = YES_ERROR;
				GCC_WARN_UNDECLARED_SELECTOR = YES;
				GCC_WARN_UNINITIALIZED_AUTOS = YES_AGGRESSIVE;
				GCC_WARN_UNUSED_FUNCTION = YES;
				GCC_WARN_UNUSED_VARIABLE = YES;
				LOCALIZATION_PREFERS_STRING_CATALOGS = YES;
				MACOSX_DEPLOYMENT_TARGET = 14.0;
				MTL_ENABLE_DEBUG_INFO = NO;
				MTL_FAST_MATH = YES;
				SDKROOT = macosx;
				SWIFT_COMPILATION_MODE = wholemodule;
			};
			name = Release;
		};
		C21D77B92B708E8E00E88B2B /* Debug */ = {
			isa = XCBuildConfiguration;
			buildSettings = {
				ASSETCATALOG_COMPILER_APPICON_NAME = AppIcon;
				ASSETCATALOG_COMPILER_GLOBAL_ACCENT_COLOR_NAME = AccentColor;
				CODE_SIGN_ENTITLEMENTS = barCharts/barCharts.entitlements;
				CODE_SIGN_STYLE = Automatic;
				COMBINE_HIDPI_IMAGES = YES;
				CURRENT_PROJECT_VERSION = 1;
				DEVELOPMENT_ASSET_PATHS = "\"barCharts/Preview Content\"";
				DEVELOPMENT_TEAM = LF3GMBCX69;
				ENABLE_HARDENED_RUNTIME = YES;
				ENABLE_PREVIEWS = YES;
				GENERATE_INFOPLIST_FILE = YES;
				INFOPLIST_KEY_NSHumanReadableCopyright = "";
				LD_RUNPATH_SEARCH_PATHS = (
					"$(inherited)",
					"@executable_path/../Frameworks",
				);
				MARKETING_VERSION = 1.0;
				PRODUCT_BUNDLE_IDENTIFIER = gmuir.barCharts;
				PRODUCT_NAME = "$(TARGET_NAME)";
				SWIFT_EMIT_LOC_STRINGS = YES;
				SWIFT_VERSION = 5.0;
			};
			name = Debug;
		};
		C21D77BA2B708E8E00E88B2B /* Release */ = {
			isa = XCBuildConfiguration;
			buildSettings = {
				ASSETCATALOG_COMPILER_APPICON_NAME = AppIcon;
				ASSETCATALOG_COMPILER_GLOBAL_ACCENT_COLOR_NAME = AccentColor;
				CODE_SIGN_ENTITLEMENTS = barCharts/barCharts.entitlements;
				CODE_SIGN_STYLE = Automatic;
				COMBINE_HIDPI_IMAGES = YES;
				CURRENT_PROJECT_VERSION = 1;
				DEVELOPMENT_ASSET_PATHS = "\"barCharts/Preview Content\"";
				DEVELOPMENT_TEAM = LF3GMBCX69;
				ENABLE_HARDENED_RUNTIME = YES;
				ENABLE_PREVIEWS = YES;
				GENERATE_INFOPLIST_FILE = YES;
				INFOPLIST_KEY_NSHumanReadableCopyright = "";
				LD_RUNPATH_SEARCH_PATHS = (
					"$(inherited)",
					"@executable_path/../Frameworks",
				);
				MARKETING_VERSION = 1.0;
				PRODUCT_BUNDLE_IDENTIFIER = gmuir.barCharts;
				PRODUCT_NAME = "$(TARGET_NAME)";
				SWIFT_EMIT_LOC_STRINGS = YES;
				SWIFT_VERSION = 5.0;
			};
			name = Release;
		};
		C21D77BC2B708E8E00E88B2B /* Debug */ = {
			isa = XCBuildConfiguration;
			buildSettings = {
				ALWAYS_EMBED_SWIFT_STANDARD_LIBRARIES = YES;
				BUNDLE_LOADER = "$(TEST_HOST)";
				CODE_SIGN_STYLE = Automatic;
				CURRENT_PROJECT_VERSION = 1;
				DEVELOPMENT_TEAM = LF3GMBCX69;
				GENERATE_INFOPLIST_FILE = YES;
				MACOSX_DEPLOYMENT_TARGET = 14.0;
				MARKETING_VERSION = 1.0;
				PRODUCT_BUNDLE_IDENTIFIER = gmuir.barChartsTests;
				PRODUCT_NAME = "$(TARGET_NAME)";
				SWIFT_EMIT_LOC_STRINGS = NO;
				SWIFT_VERSION = 5.0;
				TEST_HOST = "$(BUILT_PRODUCTS_DIR)/barCharts.app/$(BUNDLE_EXECUTABLE_FOLDER_PATH)/barCharts";
			};
			name = Debug;
		};
		C21D77BD2B708E8E00E88B2B /* Release */ = {
			isa = XCBuildConfiguration;
			buildSettings = {
				ALWAYS_EMBED_SWIFT_STANDARD_LIBRARIES = YES;
				BUNDLE_LOADER = "$(TEST_HOST)";
				CODE_SIGN_STYLE = Automatic;
				CURRENT_PROJECT_VERSION = 1;
				DEVELOPMENT_TEAM = LF3GMBCX69;
				GENERATE_INFOPLIST_FILE = YES;
				MACOSX_DEPLOYMENT_TARGET = 14.0;
				MARKETING_VERSION = 1.0;
				PRODUCT_BUNDLE_IDENTIFIER = gmuir.barChartsTests;
				PRODUCT_NAME = "$(TARGET_NAME)";
				SWIFT_EMIT_LOC_STRINGS = NO;
				SWIFT_VERSION = 5.0;
				TEST_HOST = "$(BUILT_PRODUCTS_DIR)/barCharts.app/$(BUNDLE_EXECUTABLE_FOLDER_PATH)/barCharts";
			};
			name = Release;
		};
		C21D77BF2B708E8E00E88B2B /* Debug */ = {
			isa = XCBuildConfiguration;
			buildSettings = {
				ALWAYS_EMBED_SWIFT_STANDARD_LIBRARIES = YES;
				CODE_SIGN_STYLE = Automatic;
				CURRENT_PROJECT_VERSION = 1;
				DEVELOPMENT_TEAM = LF3GMBCX69;
				GENERATE_INFOPLIST_FILE = YES;
				MARKETING_VERSION = 1.0;
				PRODUCT_BUNDLE_IDENTIFIER = gmuir.barChartsUITests;
				PRODUCT_NAME = "$(TARGET_NAME)";
				SWIFT_EMIT_LOC_STRINGS = NO;
				SWIFT_VERSION = 5.0;
				TEST_TARGET_NAME = barCharts;
			};
			name = Debug;
		};
		C21D77C02B708E8E00E88B2B /* Release */ = {
			isa = XCBuildConfiguration;
			buildSettings = {
				ALWAYS_EMBED_SWIFT_STANDARD_LIBRARIES = YES;
				CODE_SIGN_STYLE = Automatic;
				CURRENT_PROJECT_VERSION = 1;
				DEVELOPMENT_TEAM = LF3GMBCX69;
				GENERATE_INFOPLIST_FILE = YES;
				MARKETING_VERSION = 1.0;
				PRODUCT_BUNDLE_IDENTIFIER = gmuir.barChartsUITests;
				PRODUCT_NAME = "$(TARGET_NAME)";
				SWIFT_EMIT_LOC_STRINGS = NO;
				SWIFT_VERSION = 5.0;
				TEST_TARGET_NAME = barCharts;
			};
			name = Release;
		};
/* End XCBuildConfiguration section */

/* Begin XCConfigurationList section */
		C21D778E2B708E8300E88B2B /* Build configuration list for PBXProject "barCharts" */ = {
			isa = XCConfigurationList;
			buildConfigurations = (
				C21D77B62B708E8E00E88B2B /* Debug */,
				C21D77B72B708E8E00E88B2B /* Release */,
			);
			defaultConfigurationIsVisible = 0;
			defaultConfigurationName = Release;
		};
		C21D77B82B708E8E00E88B2B /* Build configuration list for PBXNativeTarget "barCharts" */ = {
			isa = XCConfigurationList;
			buildConfigurations = (
				C21D77B92B708E8E00E88B2B /* Debug */,
				C21D77BA2B708E8E00E88B2B /* Release */,
			);
			defaultConfigurationIsVisible = 0;
			defaultConfigurationName = Release;
		};
		C21D77BB2B708E8E00E88B2B /* Build configuration list for PBXNativeTarget "barChartsTests" */ = {
			isa = XCConfigurationList;
			buildConfigurations = (
				C21D77BC2B708E8E00E88B2B /* Debug */,
				C21D77BD2B708E8E00E88B2B /* Release */,
			);
			defaultConfigurationIsVisible = 0;
			defaultConfigurationName = Release;
		};
		C21D77BE2B708E8E00E88B2B /* Build configuration list for PBXNativeTarget "barChartsUITests" */ = {
			isa = XCConfigurationList;
			buildConfigurations = (
				C21D77BF2B708E8E00E88B2B /* Debug */,
				C21D77C02B708E8E00E88B2B /* Release */,
			);
			defaultConfigurationIsVisible = 0;
			defaultConfigurationName = Release;
		};
/* End XCConfigurationList section */
	};
	rootObject = C21D778B2B708E8300E88B2B /* Project object */;
}
